
Microsoft Visual Studio Solution File, Format Version 11.00
# Visual Studio 2010
Project("{FAE04EC0-301F-11D3-BF4B-00C04F79EFBC}") = "Bummer.Service", "Bummer.Service\Bummer.Service.csproj", "{65366FCE-13B4-476C-85FF-927714CFDB74}"
EndProject
Project("{FAE04EC0-301F-11D3-BF4B-00C04F79EFBC}") = "Bummer.Common", "Bummer.Common\Bummer.Common.csproj", "{23120D68-66AE-4165-B345-0A4A2326A0E9}"
EndProject
Project("{FAE04EC0-301F-11D3-BF4B-00C04F79EFBC}") = "Bummer.Client", "Bummer.Client\Bummer.Client.csproj", "{D4FE840E-14C9-4EBC-AEAF-99AF526769A6}"
EndProject
Project("{FAE04EC0-301F-11D3-BF4B-00C04F79EFBC}") = "References", "References\References.csproj", "{D6BA2062-2F44-4275-83F1-E92878291891}"
EndProject
Project("{FAE04EC0-301F-11D3-BF4B-00C04F79EFBC}") = "Bummer.Schedules", "Bummer.Schedules\Bummer.Schedules.csproj", "{A06C4E58-D972-4443-A26B-096F355776F6}"
EndProject
Project("{FAE04EC0-301F-11D3-BF4B-00C04F79EFBC}") = "Bummer.ScheduleRunner", "Bummer.ScheduleRunner\Bummer.ScheduleRunner.csproj", "{253955C6-154C-4A48-ABBF-02CEB98D3351}"
EndProject
Project("{FAE04EC0-301F-11D3-BF4B-00C04F79EFBC}") = "Bummer.ServiceInstaller", "Bummer.ServiceInstaller\Bummer.ServiceInstaller.csproj", "{7065F8F6-D9A4-48A2-946C-CC50F84B3FAF}"
EndProject
Project("{54435603-DBB4-11D2-8724-00A0C9A8B90C}") = "BummerInstallation", "BummerInstallation\BummerInstallation.vdproj", "{C4F26958-19E0-41AF-AC8A-3D7459C446CB}"
EndProject
Project("{FAE04EC0-301F-11D3-BF4B-00C04F79EFBC}") = "BasicAuth", "BasicAuth\BasicAuth.csproj", "{E7125BFA-8AF1-4E62-A557-A79581644177}"
EndProject
Project("{FAE04EC0-301F-11D3-BF4B-00C04F79EFBC}") = "QTest", "QTest\QTest.csproj", "{56C5351C-8FF8-4F3E-A0C9-57068F584227}"
EndProject
Project("{2150E333-8FDC-42A3-9474-1A3956D46DE8}") = "Stuff", "Stuff", "{32C2E1EE-DD6E-467C-9A04-B64D39B1F456}"
	ProjectSection(SolutionItems) = preProject
		BuildZIPSetup.bat = BuildZIPSetup.bat
	EndProjectSection
EndProject
Project("{FAE04EC0-301F-11D3-BF4B-00C04F79EFBC}") = "Zipper", "Zipper\Zipper.csproj", "{4E5273C5-D830-41CD-AA1A-64C48301622B}"
EndProject
Project("{FAE04EC0-301F-11D3-BF4B-00C04F79EFBC}") = "Bummer.SysTray", "Bummer.SysTray\Bummer.SysTray.csproj", "{982B9E11-310A-46AE-B99B-003359F7DAD9}"
EndProject
Project("{FAE04EC0-301F-11D3-BF4B-00C04F79EFBC}") = "Bummer.UpdateChecker", "Bummer.UpdateChecker\Bummer.UpdateChecker.csproj", "{AFAE5DBA-8E48-48DF-9163-83F186AFC561}"
EndProject
Project("{FAE04EC0-301F-11D3-BF4B-00C04F79EFBC}") = "Bummer.Updater", "Bummer.Updater\Bummer.Updater.csproj", "{BF232578-65BB-4EAA-ADCF-CB72D0B3EBDC}"
EndProject
Global
	GlobalSection(SolutionConfigurationPlatforms) = preSolution
		CD_ROM|Any CPU = CD_ROM|Any CPU
		CD_ROM|Mixed Platforms = CD_ROM|Mixed Platforms
		CD_ROM|x86 = CD_ROM|x86
		Debug|Any CPU = Debug|Any CPU
		Debug|Mixed Platforms = Debug|Mixed Platforms
		Debug|x86 = Debug|x86
		DVD-5|Any CPU = DVD-5|Any CPU
		DVD-5|Mixed Platforms = DVD-5|Mixed Platforms
		DVD-5|x86 = DVD-5|x86
		Release|Any CPU = Release|Any CPU
		Release|Mixed Platforms = Release|Mixed Platforms
		Release|x86 = Release|x86
		SingleImage|Any CPU = SingleImage|Any CPU
		SingleImage|Mixed Platforms = SingleImage|Mixed Platforms
		SingleImage|x86 = SingleImage|x86
	EndGlobalSection
	GlobalSection(ProjectConfigurationPlatforms) = postSolution
		{65366FCE-13B4-476C-85FF-927714CFDB74}.CD_ROM|Any CPU.ActiveCfg = Release|x86
		{65366FCE-13B4-476C-85FF-927714CFDB74}.CD_ROM|Mixed Platforms.ActiveCfg = Release|x86
		{65366FCE-13B4-476C-85FF-927714CFDB74}.CD_ROM|Mixed Platforms.Build.0 = Release|x86
		{65366FCE-13B4-476C-85FF-927714CFDB74}.CD_ROM|x86.ActiveCfg = Release|x86
		{65366FCE-13B4-476C-85FF-927714CFDB74}.CD_ROM|x86.Build.0 = Release|x86
		{65366FCE-13B4-476C-85FF-927714CFDB74}.Debug|Any CPU.ActiveCfg = Debug|x86
		{65366FCE-13B4-476C-85FF-927714CFDB74}.Debug|Mixed Platforms.ActiveCfg = Debug|x86
		{65366FCE-13B4-476C-85FF-927714CFDB74}.Debug|Mixed Platforms.Build.0 = Debug|x86
		{65366FCE-13B4-476C-85FF-927714CFDB74}.Debug|x86.ActiveCfg = Debug|x86
		{65366FCE-13B4-476C-85FF-927714CFDB74}.Debug|x86.Build.0 = Debug|x86
		{65366FCE-13B4-476C-85FF-927714CFDB74}.DVD-5|Any CPU.ActiveCfg = Debug|x86
		{65366FCE-13B4-476C-85FF-927714CFDB74}.DVD-5|Mixed Platforms.ActiveCfg = Debug|x86
		{65366FCE-13B4-476C-85FF-927714CFDB74}.DVD-5|Mixed Platforms.Build.0 = Debug|x86
		{65366FCE-13B4-476C-85FF-927714CFDB74}.DVD-5|x86.ActiveCfg = Debug|x86
		{65366FCE-13B4-476C-85FF-927714CFDB74}.DVD-5|x86.Build.0 = Debug|x86
		{65366FCE-13B4-476C-85FF-927714CFDB74}.Release|Any CPU.ActiveCfg = Release|x86
		{65366FCE-13B4-476C-85FF-927714CFDB74}.Release|Mixed Platforms.ActiveCfg = Release|x86
		{65366FCE-13B4-476C-85FF-927714CFDB74}.Release|Mixed Platforms.Build.0 = Release|x86
		{65366FCE-13B4-476C-85FF-927714CFDB74}.Release|x86.ActiveCfg = Release|x86
		{65366FCE-13B4-476C-85FF-927714CFDB74}.Release|x86.Build.0 = Release|x86
		{65366FCE-13B4-476C-85FF-927714CFDB74}.SingleImage|Any CPU.ActiveCfg = Release|x86
		{65366FCE-13B4-476C-85FF-927714CFDB74}.SingleImage|Mixed Platforms.ActiveCfg = Release|x86
		{65366FCE-13B4-476C-85FF-927714CFDB74}.SingleImage|Mixed Platforms.Build.0 = Release|x86
		{65366FCE-13B4-476C-85FF-927714CFDB74}.SingleImage|x86.ActiveCfg = Release|x86
		{65366FCE-13B4-476C-85FF-927714CFDB74}.SingleImage|x86.Build.0 = Release|x86
		{23120D68-66AE-4165-B345-0A4A2326A0E9}.CD_ROM|Any CPU.ActiveCfg = Release|Any CPU
		{23120D68-66AE-4165-B345-0A4A2326A0E9}.CD_ROM|Any CPU.Build.0 = Release|Any CPU
		{23120D68-66AE-4165-B345-0A4A2326A0E9}.CD_ROM|Mixed Platforms.ActiveCfg = Release|Any CPU
		{23120D68-66AE-4165-B345-0A4A2326A0E9}.CD_ROM|Mixed Platforms.Build.0 = Release|Any CPU
		{23120D68-66AE-4165-B345-0A4A2326A0E9}.CD_ROM|x86.ActiveCfg = Release|Any CPU
		{23120D68-66AE-4165-B345-0A4A2326A0E9}.Debug|Any CPU.ActiveCfg = Debug|Any CPU
		{23120D68-66AE-4165-B345-0A4A2326A0E9}.Debug|Any CPU.Build.0 = Debug|Any CPU
		{23120D68-66AE-4165-B345-0A4A2326A0E9}.Debug|Mixed Platforms.ActiveCfg = Debug|Any CPU
		{23120D68-66AE-4165-B345-0A4A2326A0E9}.Debug|Mixed Platforms.Build.0 = Debug|Any CPU
		{23120D68-66AE-4165-B345-0A4A2326A0E9}.Debug|x86.ActiveCfg = Debug|Any CPU
		{23120D68-66AE-4165-B345-0A4A2326A0E9}.DVD-5|Any CPU.ActiveCfg = Debug|Any CPU
		{23120D68-66AE-4165-B345-0A4A2326A0E9}.DVD-5|Any CPU.Build.0 = Debug|Any CPU
		{23120D68-66AE-4165-B345-0A4A2326A0E9}.DVD-5|Mixed Platforms.ActiveCfg = Debug|Any CPU
		{23120D68-66AE-4165-B345-0A4A2326A0E9}.DVD-5|Mixed Platforms.Build.0 = Debug|Any CPU
		{23120D68-66AE-4165-B345-0A4A2326A0E9}.DVD-5|x86.ActiveCfg = Debug|Any CPU
		{23120D68-66AE-4165-B345-0A4A2326A0E9}.Release|Any CPU.ActiveCfg = Release|Any CPU
		{23120D68-66AE-4165-B345-0A4A2326A0E9}.Release|Any CPU.Build.0 = Release|Any CPU
		{23120D68-66AE-4165-B345-0A4A2326A0E9}.Release|Mixed Platforms.ActiveCfg = Release|Any CPU
		{23120D68-66AE-4165-B345-0A4A2326A0E9}.Release|Mixed Platforms.Build.0 = Release|Any CPU
		{23120D68-66AE-4165-B345-0A4A2326A0E9}.Release|x86.ActiveCfg = Release|Any CPU
		{23120D68-66AE-4165-B345-0A4A2326A0E9}.SingleImage|Any CPU.ActiveCfg = Release|Any CPU
		{23120D68-66AE-4165-B345-0A4A2326A0E9}.SingleImage|Any CPU.Build.0 = Release|Any CPU
		{23120D68-66AE-4165-B345-0A4A2326A0E9}.SingleImage|Mixed Platforms.ActiveCfg = Release|Any CPU
		{23120D68-66AE-4165-B345-0A4A2326A0E9}.SingleImage|Mixed Platforms.Build.0 = Release|Any CPU
		{23120D68-66AE-4165-B345-0A4A2326A0E9}.SingleImage|x86.ActiveCfg = Release|Any CPU
		{D4FE840E-14C9-4EBC-AEAF-99AF526769A6}.CD_ROM|Any CPU.ActiveCfg = Release|x86
		{D4FE840E-14C9-4EBC-AEAF-99AF526769A6}.CD_ROM|Mixed Platforms.ActiveCfg = Release|x86
		{D4FE840E-14C9-4EBC-AEAF-99AF526769A6}.CD_ROM|Mixed Platforms.Build.0 = Release|x86
		{D4FE840E-14C9-4EBC-AEAF-99AF526769A6}.CD_ROM|x86.ActiveCfg = Release|x86
		{D4FE840E-14C9-4EBC-AEAF-99AF526769A6}.CD_ROM|x86.Build.0 = Release|x86
		{D4FE840E-14C9-4EBC-AEAF-99AF526769A6}.Debug|Any CPU.ActiveCfg = Debug|x86
		{D4FE840E-14C9-4EBC-AEAF-99AF526769A6}.Debug|Mixed Platforms.ActiveCfg = Debug|x86
		{D4FE840E-14C9-4EBC-AEAF-99AF526769A6}.Debug|Mixed Platforms.Build.0 = Debug|x86
		{D4FE840E-14C9-4EBC-AEAF-99AF526769A6}.Debug|x86.ActiveCfg = Debug|x86
		{D4FE840E-14C9-4EBC-AEAF-99AF526769A6}.Debug|x86.Build.0 = Debug|x86
		{D4FE840E-14C9-4EBC-AEAF-99AF526769A6}.DVD-5|Any CPU.ActiveCfg = Debug|x86
		{D4FE840E-14C9-4EBC-AEAF-99AF526769A6}.DVD-5|Mixed Platforms.ActiveCfg = Debug|x86
		{D4FE840E-14C9-4EBC-AEAF-99AF526769A6}.DVD-5|Mixed Platforms.Build.0 = Debug|x86
		{D4FE840E-14C9-4EBC-AEAF-99AF526769A6}.DVD-5|x86.ActiveCfg = Debug|x86
		{D4FE840E-14C9-4EBC-AEAF-99AF526769A6}.DVD-5|x86.Build.0 = Debug|x86
		{D4FE840E-14C9-4EBC-AEAF-99AF526769A6}.Release|Any CPU.ActiveCfg = Release|x86
		{D4FE840E-14C9-4EBC-AEAF-99AF526769A6}.Release|Mixed Platforms.ActiveCfg = Release|x86
		{D4FE840E-14C9-4EBC-AEAF-99AF526769A6}.Release|Mixed Platforms.Build.0 = Release|x86
		{D4FE840E-14C9-4EBC-AEAF-99AF526769A6}.Release|x86.ActiveCfg = Release|x86
		{D4FE840E-14C9-4EBC-AEAF-99AF526769A6}.Release|x86.Build.0 = Release|x86
		{D4FE840E-14C9-4EBC-AEAF-99AF526769A6}.SingleImage|Any CPU.ActiveCfg = Release|x86
		{D4FE840E-14C9-4EBC-AEAF-99AF526769A6}.SingleImage|Mixed Platforms.ActiveCfg = Release|x86
		{D4FE840E-14C9-4EBC-AEAF-99AF526769A6}.SingleImage|Mixed Platforms.Build.0 = Release|x86
		{D4FE840E-14C9-4EBC-AEAF-99AF526769A6}.SingleImage|x86.ActiveCfg = Release|x86
		{D4FE840E-14C9-4EBC-AEAF-99AF526769A6}.SingleImage|x86.Build.0 = Release|x86
		{D6BA2062-2F44-4275-83F1-E92878291891}.CD_ROM|Any CPU.ActiveCfg = Release|Any CPU
		{D6BA2062-2F44-4275-83F1-E92878291891}.CD_ROM|Any CPU.Build.0 = Release|Any CPU
		{D6BA2062-2F44-4275-83F1-E92878291891}.CD_ROM|Mixed Platforms.ActiveCfg = Release|Any CPU
		{D6BA2062-2F44-4275-83F1-E92878291891}.CD_ROM|Mixed Platforms.Build.0 = Release|Any CPU
		{D6BA2062-2F44-4275-83F1-E92878291891}.CD_ROM|x86.ActiveCfg = Release|Any CPU
		{D6BA2062-2F44-4275-83F1-E92878291891}.Debug|Any CPU.ActiveCfg = Debug|Any CPU
		{D6BA2062-2F44-4275-83F1-E92878291891}.Debug|Any CPU.Build.0 = Debug|Any CPU
		{D6BA2062-2F44-4275-83F1-E92878291891}.Debug|Mixed Platforms.ActiveCfg = Debug|Any CPU
		{D6BA2062-2F44-4275-83F1-E92878291891}.Debug|Mixed Platforms.Build.0 = Debug|Any CPU
		{D6BA2062-2F44-4275-83F1-E92878291891}.Debug|x86.ActiveCfg = Debug|Any CPU
		{D6BA2062-2F44-4275-83F1-E92878291891}.DVD-5|Any CPU.ActiveCfg = Debug|Any CPU
		{D6BA2062-2F44-4275-83F1-E92878291891}.DVD-5|Any CPU.Build.0 = Debug|Any CPU
		{D6BA2062-2F44-4275-83F1-E92878291891}.DVD-5|Mixed Platforms.ActiveCfg = Debug|Any CPU
		{D6BA2062-2F44-4275-83F1-E92878291891}.DVD-5|Mixed Platforms.Build.0 = Debug|Any CPU
		{D6BA2062-2F44-4275-83F1-E92878291891}.DVD-5|x86.ActiveCfg = Debug|Any CPU
		{D6BA2062-2F44-4275-83F1-E92878291891}.Release|Any CPU.ActiveCfg = Release|Any CPU
		{D6BA2062-2F44-4275-83F1-E92878291891}.Release|Any CPU.Build.0 = Release|Any CPU
		{D6BA2062-2F44-4275-83F1-E92878291891}.Release|Mixed Platforms.ActiveCfg = Release|Any CPU
		{D6BA2062-2F44-4275-83F1-E92878291891}.Release|Mixed Platforms.Build.0 = Release|Any CPU
		{D6BA2062-2F44-4275-83F1-E92878291891}.Release|x86.ActiveCfg = Release|Any CPU
		{D6BA2062-2F44-4275-83F1-E92878291891}.SingleImage|Any CPU.ActiveCfg = Release|Any CPU
		{D6BA2062-2F44-4275-83F1-E92878291891}.SingleImage|Any CPU.Build.0 = Release|Any CPU
		{D6BA2062-2F44-4275-83F1-E92878291891}.SingleImage|Mixed Platforms.ActiveCfg = Release|Any CPU
		{D6BA2062-2F44-4275-83F1-E92878291891}.SingleImage|Mixed Platforms.Build.0 = Release|Any CPU
		{D6BA2062-2F44-4275-83F1-E92878291891}.SingleImage|x86.ActiveCfg = Release|Any CPU
		{A06C4E58-D972-4443-A26B-096F355776F6}.CD_ROM|Any CPU.ActiveCfg = Release|Any CPU
		{A06C4E58-D972-4443-A26B-096F355776F6}.CD_ROM|Any CPU.Build.0 = Release|Any CPU
		{A06C4E58-D972-4443-A26B-096F355776F6}.CD_ROM|Mixed Platforms.ActiveCfg = Release|Any CPU
		{A06C4E58-D972-4443-A26B-096F355776F6}.CD_ROM|Mixed Platforms.Build.0 = Release|Any CPU
		{A06C4E58-D972-4443-A26B-096F355776F6}.CD_ROM|x86.ActiveCfg = Release|Any CPU
		{A06C4E58-D972-4443-A26B-096F355776F6}.Debug|Any CPU.ActiveCfg = Debug|Any CPU
		{A06C4E58-D972-4443-A26B-096F355776F6}.Debug|Any CPU.Build.0 = Debug|Any CPU
		{A06C4E58-D972-4443-A26B-096F355776F6}.Debug|Mixed Platforms.ActiveCfg = Debug|Any CPU
		{A06C4E58-D972-4443-A26B-096F355776F6}.Debug|Mixed Platforms.Build.0 = Debug|Any CPU
		{A06C4E58-D972-4443-A26B-096F355776F6}.Debug|x86.ActiveCfg = Debug|Any CPU
		{A06C4E58-D972-4443-A26B-096F355776F6}.DVD-5|Any CPU.ActiveCfg = Debug|Any CPU
		{A06C4E58-D972-4443-A26B-096F355776F6}.DVD-5|Any CPU.Build.0 = Debug|Any CPU
		{A06C4E58-D972-4443-A26B-096F355776F6}.DVD-5|Mixed Platforms.ActiveCfg = Debug|Any CPU
		{A06C4E58-D972-4443-A26B-096F355776F6}.DVD-5|Mixed Platforms.Build.0 = Debug|Any CPU
		{A06C4E58-D972-4443-A26B-096F355776F6}.DVD-5|x86.ActiveCfg = Debug|Any CPU
		{A06C4E58-D972-4443-A26B-096F355776F6}.Release|Any CPU.ActiveCfg = Release|Any CPU
		{A06C4E58-D972-4443-A26B-096F355776F6}.Release|Any CPU.Build.0 = Release|Any CPU
		{A06C4E58-D972-4443-A26B-096F355776F6}.Release|Mixed Platforms.ActiveCfg = Release|Any CPU
		{A06C4E58-D972-4443-A26B-096F355776F6}.Release|Mixed Platforms.Build.0 = Release|Any CPU
		{A06C4E58-D972-4443-A26B-096F355776F6}.Release|x86.ActiveCfg = Release|Any CPU
		{A06C4E58-D972-4443-A26B-096F355776F6}.SingleImage|Any CPU.ActiveCfg = Release|Any CPU
		{A06C4E58-D972-4443-A26B-096F355776F6}.SingleImage|Any CPU.Build.0 = Release|Any CPU
		{A06C4E58-D972-4443-A26B-096F355776F6}.SingleImage|Mixed Platforms.ActiveCfg = Release|Any CPU
		{A06C4E58-D972-4443-A26B-096F355776F6}.SingleImage|Mixed Platforms.Build.0 = Release|Any CPU
		{A06C4E58-D972-4443-A26B-096F355776F6}.SingleImage|x86.ActiveCfg = Release|Any CPU
		{253955C6-154C-4A48-ABBF-02CEB98D3351}.CD_ROM|Any CPU.ActiveCfg = Release|x86
		{253955C6-154C-4A48-ABBF-02CEB98D3351}.CD_ROM|Mixed Platforms.ActiveCfg = Release|x86
		{253955C6-154C-4A48-ABBF-02CEB98D3351}.CD_ROM|Mixed Platforms.Build.0 = Release|x86
		{253955C6-154C-4A48-ABBF-02CEB98D3351}.CD_ROM|x86.ActiveCfg = Release|x86
		{253955C6-154C-4A48-ABBF-02CEB98D3351}.CD_ROM|x86.Build.0 = Release|x86
		{253955C6-154C-4A48-ABBF-02CEB98D3351}.Debug|Any CPU.ActiveCfg = Debug|x86
		{253955C6-154C-4A48-ABBF-02CEB98D3351}.Debug|Mixed Platforms.ActiveCfg = Debug|x86
		{253955C6-154C-4A48-ABBF-02CEB98D3351}.Debug|Mixed Platforms.Build.0 = Debug|x86
		{253955C6-154C-4A48-ABBF-02CEB98D3351}.Debug|x86.ActiveCfg = Debug|x86
		{253955C6-154C-4A48-ABBF-02CEB98D3351}.Debug|x86.Build.0 = Debug|x86
		{253955C6-154C-4A48-ABBF-02CEB98D3351}.DVD-5|Any CPU.ActiveCfg = Debug|x86
		{253955C6-154C-4A48-ABBF-02CEB98D3351}.DVD-5|Mixed Platforms.ActiveCfg = Debug|x86
		{253955C6-154C-4A48-ABBF-02CEB98D3351}.DVD-5|Mixed Platforms.Build.0 = Debug|x86
		{253955C6-154C-4A48-ABBF-02CEB98D3351}.DVD-5|x86.ActiveCfg = Debug|x86
		{253955C6-154C-4A48-ABBF-02CEB98D3351}.DVD-5|x86.Build.0 = Debug|x86
		{253955C6-154C-4A48-ABBF-02CEB98D3351}.Release|Any CPU.ActiveCfg = Release|x86
		{253955C6-154C-4A48-ABBF-02CEB98D3351}.Release|Mixed Platforms.ActiveCfg = Release|x86
		{253955C6-154C-4A48-ABBF-02CEB98D3351}.Release|Mixed Platforms.Build.0 = Release|x86
		{253955C6-154C-4A48-ABBF-02CEB98D3351}.Release|x86.ActiveCfg = Release|x86
		{253955C6-154C-4A48-ABBF-02CEB98D3351}.Release|x86.Build.0 = Release|x86
		{253955C6-154C-4A48-ABBF-02CEB98D3351}.SingleImage|Any CPU.ActiveCfg = Release|x86
		{253955C6-154C-4A48-ABBF-02CEB98D3351}.SingleImage|Mixed Platforms.ActiveCfg = Release|x86
		{253955C6-154C-4A48-ABBF-02CEB98D3351}.SingleImage|Mixed Platforms.Build.0 = Release|x86
		{253955C6-154C-4A48-ABBF-02CEB98D3351}.SingleImage|x86.ActiveCfg = Release|x86
		{253955C6-154C-4A48-ABBF-02CEB98D3351}.SingleImage|x86.Build.0 = Release|x86
		{7065F8F6-D9A4-48A2-946C-CC50F84B3FAF}.CD_ROM|Any CPU.ActiveCfg = Release|x86
		{7065F8F6-D9A4-48A2-946C-CC50F84B3FAF}.CD_ROM|Mixed Platforms.ActiveCfg = Release|x86
		{7065F8F6-D9A4-48A2-946C-CC50F84B3FAF}.CD_ROM|Mixed Platforms.Build.0 = Release|x86
		{7065F8F6-D9A4-48A2-946C-CC50F84B3FAF}.CD_ROM|x86.ActiveCfg = Release|x86
		{7065F8F6-D9A4-48A2-946C-CC50F84B3FAF}.CD_ROM|x86.Build.0 = Release|x86
		{7065F8F6-D9A4-48A2-946C-CC50F84B3FAF}.Debug|Any CPU.ActiveCfg = Debug|x86
		{7065F8F6-D9A4-48A2-946C-CC50F84B3FAF}.Debug|Mixed Platforms.ActiveCfg = Debug|x86
		{7065F8F6-D9A4-48A2-946C-CC50F84B3FAF}.Debug|Mixed Platforms.Build.0 = Debug|x86
		{7065F8F6-D9A4-48A2-946C-CC50F84B3FAF}.Debug|x86.ActiveCfg = Debug|x86
		{7065F8F6-D9A4-48A2-946C-CC50F84B3FAF}.Debug|x86.Build.0 = Debug|x86
		{7065F8F6-D9A4-48A2-946C-CC50F84B3FAF}.DVD-5|Any CPU.ActiveCfg = Debug|x86
		{7065F8F6-D9A4-48A2-946C-CC50F84B3FAF}.DVD-5|Mixed Platforms.ActiveCfg = Debug|x86
		{7065F8F6-D9A4-48A2-946C-CC50F84B3FAF}.DVD-5|Mixed Platforms.Build.0 = Debug|x86
		{7065F8F6-D9A4-48A2-946C-CC50F84B3FAF}.DVD-5|x86.ActiveCfg = Debug|x86
		{7065F8F6-D9A4-48A2-946C-CC50F84B3FAF}.DVD-5|x86.Build.0 = Debug|x86
		{7065F8F6-D9A4-48A2-946C-CC50F84B3FAF}.Release|Any CPU.ActiveCfg = Release|x86
		{7065F8F6-D9A4-48A2-946C-CC50F84B3FAF}.Release|Mixed Platforms.ActiveCfg = Release|x86
		{7065F8F6-D9A4-48A2-946C-CC50F84B3FAF}.Release|Mixed Platforms.Build.0 = Release|x86
		{7065F8F6-D9A4-48A2-946C-CC50F84B3FAF}.Release|x86.ActiveCfg = Release|x86
		{7065F8F6-D9A4-48A2-946C-CC50F84B3FAF}.Release|x86.Build.0 = Release|x86
		{7065F8F6-D9A4-48A2-946C-CC50F84B3FAF}.SingleImage|Any CPU.ActiveCfg = Release|x86
		{7065F8F6-D9A4-48A2-946C-CC50F84B3FAF}.SingleImage|Mixed Platforms.ActiveCfg = Release|x86
		{7065F8F6-D9A4-48A2-946C-CC50F84B3FAF}.SingleImage|Mixed Platforms.Build.0 = Release|x86
		{7065F8F6-D9A4-48A2-946C-CC50F84B3FAF}.SingleImage|x86.ActiveCfg = Release|x86
		{7065F8F6-D9A4-48A2-946C-CC50F84B3FAF}.SingleImage|x86.Build.0 = Release|x86
		{C4F26958-19E0-41AF-AC8A-3D7459C446CB}.CD_ROM|Any CPU.ActiveCfg = Release
		{C4F26958-19E0-41AF-AC8A-3D7459C446CB}.CD_ROM|Mixed Platforms.ActiveCfg = Release
		{C4F26958-19E0-41AF-AC8A-3D7459C446CB}.CD_ROM|x86.ActiveCfg = Release
		{C4F26958-19E0-41AF-AC8A-3D7459C446CB}.Debug|Any CPU.ActiveCfg = Debug
		{C4F26958-19E0-41AF-AC8A-3D7459C446CB}.Debug|Mixed Platforms.ActiveCfg = Debug
		{C4F26958-19E0-41AF-AC8A-3D7459C446CB}.Debug|x86.ActiveCfg = Debug
		{C4F26958-19E0-41AF-AC8A-3D7459C446CB}.DVD-5|Any CPU.ActiveCfg = Debug
		{C4F26958-19E0-41AF-AC8A-3D7459C446CB}.DVD-5|Mixed Platforms.ActiveCfg = Debug
		{C4F26958-19E0-41AF-AC8A-3D7459C446CB}.DVD-5|x86.ActiveCfg = Debug
		{C4F26958-19E0-41AF-AC8A-3D7459C446CB}.Release|Any CPU.ActiveCfg = Release
		{C4F26958-19E0-41AF-AC8A-3D7459C446CB}.Release|Mixed Platforms.ActiveCfg = Release
		{C4F26958-19E0-41AF-AC8A-3D7459C446CB}.Release|x86.ActiveCfg = Release
		{C4F26958-19E0-41AF-AC8A-3D7459C446CB}.SingleImage|Any CPU.ActiveCfg = Release
		{C4F26958-19E0-41AF-AC8A-3D7459C446CB}.SingleImage|Mixed Platforms.ActiveCfg = Release
		{C4F26958-19E0-41AF-AC8A-3D7459C446CB}.SingleImage|x86.ActiveCfg = Release
		{E7125BFA-8AF1-4E62-A557-A79581644177}.CD_ROM|Any CPU.ActiveCfg = Release|Any CPU
		{E7125BFA-8AF1-4E62-A557-A79581644177}.CD_ROM|Any CPU.Build.0 = Release|Any CPU
		{E7125BFA-8AF1-4E62-A557-A79581644177}.CD_ROM|Mixed Platforms.ActiveCfg = Release|Any CPU
		{E7125BFA-8AF1-4E62-A557-A79581644177}.CD_ROM|Mixed Platforms.Build.0 = Release|Any CPU
		{E7125BFA-8AF1-4E62-A557-A79581644177}.CD_ROM|x86.ActiveCfg = Release|Any CPU
		{E7125BFA-8AF1-4E62-A557-A79581644177}.Debug|Any CPU.ActiveCfg = Debug|Any CPU
		{E7125BFA-8AF1-4E62-A557-A79581644177}.Debug|Any CPU.Build.0 = Debug|Any CPU
		{E7125BFA-8AF1-4E62-A557-A79581644177}.Debug|Mixed Platforms.ActiveCfg = Debug|Any CPU
		{E7125BFA-8AF1-4E62-A557-A79581644177}.Debug|Mixed Platforms.Build.0 = Debug|Any CPU
		{E7125BFA-8AF1-4E62-A557-A79581644177}.Debug|x86.ActiveCfg = Debug|Any CPU
		{E7125BFA-8AF1-4E62-A557-A79581644177}.DVD-5|Any CPU.ActiveCfg = Debug|Any CPU
		{E7125BFA-8AF1-4E62-A557-A79581644177}.DVD-5|Any CPU.Build.0 = Debug|Any CPU
		{E7125BFA-8AF1-4E62-A557-A79581644177}.DVD-5|Mixed Platforms.ActiveCfg = Debug|Any CPU
		{E7125BFA-8AF1-4E62-A557-A79581644177}.DVD-5|Mixed Platforms.Build.0 = Debug|Any CPU
		{E7125BFA-8AF1-4E62-A557-A79581644177}.DVD-5|x86.ActiveCfg = Debug|Any CPU
		{E7125BFA-8AF1-4E62-A557-A79581644177}.Release|Any CPU.ActiveCfg = Release|Any CPU
		{E7125BFA-8AF1-4E62-A557-A79581644177}.Release|Any CPU.Build.0 = Release|Any CPU
		{E7125BFA-8AF1-4E62-A557-A79581644177}.Release|Mixed Platforms.ActiveCfg = Release|Any CPU
		{E7125BFA-8AF1-4E62-A557-A79581644177}.Release|Mixed Platforms.Build.0 = Release|Any CPU
		{E7125BFA-8AF1-4E62-A557-A79581644177}.Release|x86.ActiveCfg = Release|Any CPU
		{E7125BFA-8AF1-4E62-A557-A79581644177}.SingleImage|Any CPU.ActiveCfg = Release|Any CPU
		{E7125BFA-8AF1-4E62-A557-A79581644177}.SingleImage|Any CPU.Build.0 = Release|Any CPU
		{E7125BFA-8AF1-4E62-A557-A79581644177}.SingleImage|Mixed Platforms.ActiveCfg = Release|Any CPU
		{E7125BFA-8AF1-4E62-A557-A79581644177}.SingleImage|Mixed Platforms.Build.0 = Release|Any CPU
		{E7125BFA-8AF1-4E62-A557-A79581644177}.SingleImage|x86.ActiveCfg = Release|Any CPU
		{56C5351C-8FF8-4F3E-A0C9-57068F584227}.CD_ROM|Any CPU.ActiveCfg = Release|x86
		{56C5351C-8FF8-4F3E-A0C9-57068F584227}.CD_ROM|Mixed Platforms.ActiveCfg = Release|x86
		{56C5351C-8FF8-4F3E-A0C9-57068F584227}.CD_ROM|Mixed Platforms.Build.0 = Release|x86
		{56C5351C-8FF8-4F3E-A0C9-57068F584227}.CD_ROM|x86.ActiveCfg = Release|x86
		{56C5351C-8FF8-4F3E-A0C9-57068F584227}.CD_ROM|x86.Build.0 = Release|x86
		{56C5351C-8FF8-4F3E-A0C9-57068F584227}.Debug|Any CPU.ActiveCfg = Debug|x86
		{56C5351C-8FF8-4F3E-A0C9-57068F584227}.Debug|Mixed Platforms.ActiveCfg = Debug|x86
		{56C5351C-8FF8-4F3E-A0C9-57068F584227}.Debug|Mixed Platforms.Build.0 = Debug|x86
		{56C5351C-8FF8-4F3E-A0C9-57068F584227}.Debug|x86.ActiveCfg = Debug|x86
		{56C5351C-8FF8-4F3E-A0C9-57068F584227}.Debug|x86.Build.0 = Debug|x86
		{56C5351C-8FF8-4F3E-A0C9-57068F584227}.DVD-5|Any CPU.ActiveCfg = Debug|x86
		{56C5351C-8FF8-4F3E-A0C9-57068F584227}.DVD-5|Mixed Platforms.ActiveCfg = Debug|x86
		{56C5351C-8FF8-4F3E-A0C9-57068F584227}.DVD-5|Mixed Platforms.Build.0 = Debug|x86
		{56C5351C-8FF8-4F3E-A0C9-57068F584227}.DVD-5|x86.ActiveCfg = Debug|x86
		{56C5351C-8FF8-4F3E-A0C9-57068F584227}.DVD-5|x86.Build.0 = Debug|x86
		{56C5351C-8FF8-4F3E-A0C9-57068F584227}.Release|Any CPU.ActiveCfg = Release|x86
		{56C5351C-8FF8-4F3E-A0C9-57068F584227}.Release|Mixed Platforms.ActiveCfg = Release|x86
		{56C5351C-8FF8-4F3E-A0C9-57068F584227}.Release|Mixed Platforms.Build.0 = Release|x86
		{56C5351C-8FF8-4F3E-A0C9-57068F584227}.Release|x86.ActiveCfg = Release|x86
		{56C5351C-8FF8-4F3E-A0C9-57068F584227}.Release|x86.Build.0 = Release|x86
		{56C5351C-8FF8-4F3E-A0C9-57068F584227}.SingleImage|Any CPU.ActiveCfg = Release|x86
		{56C5351C-8FF8-4F3E-A0C9-57068F584227}.SingleImage|Mixed Platforms.ActiveCfg = Release|x86
		{56C5351C-8FF8-4F3E-A0C9-57068F584227}.SingleImage|Mixed Platforms.Build.0 = Release|x86
		{56C5351C-8FF8-4F3E-A0C9-57068F584227}.SingleImage|x86.ActiveCfg = Release|x86
		{56C5351C-8FF8-4F3E-A0C9-57068F584227}.SingleImage|x86.Build.0 = Release|x86
		{4E5273C5-D830-41CD-AA1A-64C48301622B}.CD_ROM|Any CPU.ActiveCfg = Release|x86
		{4E5273C5-D830-41CD-AA1A-64C48301622B}.CD_ROM|Mixed Platforms.ActiveCfg = Release|x86
		{4E5273C5-D830-41CD-AA1A-64C48301622B}.CD_ROM|Mixed Platforms.Build.0 = Release|x86
		{4E5273C5-D830-41CD-AA1A-64C48301622B}.CD_ROM|x86.ActiveCfg = Release|x86
		{4E5273C5-D830-41CD-AA1A-64C48301622B}.CD_ROM|x86.Build.0 = Release|x86
		{4E5273C5-D830-41CD-AA1A-64C48301622B}.Debug|Any CPU.ActiveCfg = Debug|x86
		{4E5273C5-D830-41CD-AA1A-64C48301622B}.Debug|Mixed Platforms.ActiveCfg = Debug|x86
		{4E5273C5-D830-41CD-AA1A-64C48301622B}.Debug|Mixed Platforms.Build.0 = Debug|x86
		{4E5273C5-D830-41CD-AA1A-64C48301622B}.Debug|x86.ActiveCfg = Debug|x86
		{4E5273C5-D830-41CD-AA1A-64C48301622B}.Debug|x86.Build.0 = Debug|x86
		{4E5273C5-D830-41CD-AA1A-64C48301622B}.DVD-5|Any CPU.ActiveCfg = Debug|x86
		{4E5273C5-D830-41CD-AA1A-64C48301622B}.DVD-5|Mixed Platforms.ActiveCfg = Debug|x86
		{4E5273C5-D830-41CD-AA1A-64C48301622B}.DVD-5|Mixed Platforms.Build.0 = Debug|x86
		{4E5273C5-D830-41CD-AA1A-64C48301622B}.DVD-5|x86.ActiveCfg = Debug|x86
		{4E5273C5-D830-41CD-AA1A-64C48301622B}.DVD-5|x86.Build.0 = Debug|x86
		{4E5273C5-D830-41CD-AA1A-64C48301622B}.Release|Any CPU.ActiveCfg = Release|x86
		{4E5273C5-D830-41CD-AA1A-64C48301622B}.Release|Mixed Platforms.ActiveCfg = Release|x86
		{4E5273C5-D830-41CD-AA1A-64C48301622B}.Release|Mixed Platforms.Build.0 = Release|x86
		{4E5273C5-D830-41CD-AA1A-64C48301622B}.Release|x86.ActiveCfg = Release|x86
		{4E5273C5-D830-41CD-AA1A-64C48301622B}.Release|x86.Build.0 = Release|x86
		{4E5273C5-D830-41CD-AA1A-64C48301622B}.SingleImage|Any CPU.ActiveCfg = Release|x86
		{4E5273C5-D830-41CD-AA1A-64C48301622B}.SingleImage|Mixed Platforms.ActiveCfg = Release|x86
		{4E5273C5-D830-41CD-AA1A-64C48301622B}.SingleImage|Mixed Platforms.Build.0 = Release|x86
		{4E5273C5-D830-41CD-AA1A-64C48301622B}.SingleImage|x86.ActiveCfg = Release|x86
		{4E5273C5-D830-41CD-AA1A-64C48301622B}.SingleImage|x86.Build.0 = Release|x86
		{982B9E11-310A-46AE-B99B-003359F7DAD9}.CD_ROM|Any CPU.ActiveCfg = Release|x86
		{982B9E11-310A-46AE-B99B-003359F7DAD9}.CD_ROM|Mixed Platforms.ActiveCfg = Release|x86
		{982B9E11-310A-46AE-B99B-003359F7DAD9}.CD_ROM|Mixed Platforms.Build.0 = Release|x86
		{982B9E11-310A-46AE-B99B-003359F7DAD9}.CD_ROM|x86.ActiveCfg = Release|x86
		{982B9E11-310A-46AE-B99B-003359F7DAD9}.CD_ROM|x86.Build.0 = Release|x86
		{982B9E11-310A-46AE-B99B-003359F7DAD9}.Debug|Any CPU.ActiveCfg = Debug|x86
		{982B9E11-310A-46AE-B99B-003359F7DAD9}.Debug|Mixed Platforms.ActiveCfg = Debug|x86
		{982B9E11-310A-46AE-B99B-003359F7DAD9}.Debug|Mixed Platforms.Build.0 = Debug|x86
		{982B9E11-310A-46AE-B99B-003359F7DAD9}.Debug|x86.ActiveCfg = Debug|x86
		{982B9E11-310A-46AE-B99B-003359F7DAD9}.Debug|x86.Build.0 = Debug|x86
		{982B9E11-310A-46AE-B99B-003359F7DAD9}.DVD-5|Any CPU.ActiveCfg = Debug|x86
		{982B9E11-310A-46AE-B99B-003359F7DAD9}.DVD-5|Mixed Platforms.ActiveCfg = Debug|x86
		{982B9E11-310A-46AE-B99B-003359F7DAD9}.DVD-5|Mixed Platforms.Build.0 = Debug|x86
		{982B9E11-310A-46AE-B99B-003359F7DAD9}.DVD-5|x86.ActiveCfg = Debug|x86
		{982B9E11-310A-46AE-B99B-003359F7DAD9}.DVD-5|x86.Build.0 = Debug|x86
		{982B9E11-310A-46AE-B99B-003359F7DAD9}.Release|Any CPU.ActiveCfg = Release|x86
		{982B9E11-310A-46AE-B99B-003359F7DAD9}.Release|Mixed Platforms.ActiveCfg = Release|x86
		{982B9E11-310A-46AE-B99B-003359F7DAD9}.Release|Mixed Platforms.Build.0 = Release|x86
		{982B9E11-310A-46AE-B99B-003359F7DAD9}.Release|x86.ActiveCfg = Release|x86
		{982B9E11-310A-46AE-B99B-003359F7DAD9}.Release|x86.Build.0 = Release|x86
		{982B9E11-310A-46AE-B99B-003359F7DAD9}.SingleImage|Any CPU.ActiveCfg = Release|x86
		{982B9E11-310A-46AE-B99B-003359F7DAD9}.SingleImage|Mixed Platforms.ActiveCfg = Release|x86
		{982B9E11-310A-46AE-B99B-003359F7DAD9}.SingleImage|Mixed Platforms.Build.0 = Release|x86
		{982B9E11-310A-46AE-B99B-003359F7DAD9}.SingleImage|x86.ActiveCfg = Release|x86
		{982B9E11-310A-46AE-B99B-003359F7DAD9}.SingleImage|x86.Build.0 = Release|x86
		{AFAE5DBA-8E48-48DF-9163-83F186AFC561}.CD_ROM|Any CPU.ActiveCfg = Release|x86
		{AFAE5DBA-8E48-48DF-9163-83F186AFC561}.CD_ROM|Mixed Platforms.ActiveCfg = Release|x86
		{AFAE5DBA-8E48-48DF-9163-83F186AFC561}.CD_ROM|Mixed Platforms.Build.0 = Release|x86
		{AFAE5DBA-8E48-48DF-9163-83F186AFC561}.CD_ROM|x86.ActiveCfg = Release|x86
		{AFAE5DBA-8E48-48DF-9163-83F186AFC561}.CD_ROM|x86.Build.0 = Release|x86
		{AFAE5DBA-8E48-48DF-9163-83F186AFC561}.Debug|Any CPU.ActiveCfg = Debug|x86
		{AFAE5DBA-8E48-48DF-9163-83F186AFC561}.Debug|Mixed Platforms.ActiveCfg = Debug|x86
		{AFAE5DBA-8E48-48DF-9163-83F186AFC561}.Debug|Mixed Platforms.Build.0 = Debug|x86
		{AFAE5DBA-8E48-48DF-9163-83F186AFC561}.Debug|x86.ActiveCfg = Debug|x86
		{AFAE5DBA-8E48-48DF-9163-83F186AFC561}.Debug|x86.Build.0 = Debug|x86
		{AFAE5DBA-8E48-48DF-9163-83F186AFC561}.DVD-5|Any CPU.ActiveCfg = Debug|x86
		{AFAE5DBA-8E48-48DF-9163-83F186AFC561}.DVD-5|Mixed Platforms.ActiveCfg = Debug|x86
		{AFAE5DBA-8E48-48DF-9163-83F186AFC561}.DVD-5|Mixed Platforms.Build.0 = Debug|x86
		{AFAE5DBA-8E48-48DF-9163-83F186AFC561}.DVD-5|x86.ActiveCfg = Debug|x86
		{AFAE5DBA-8E48-48DF-9163-83F186AFC561}.DVD-5|x86.Build.0 = Debug|x86
		{AFAE5DBA-8E48-48DF-9163-83F186AFC561}.Release|Any CPU.ActiveCfg = Release|x86
		{AFAE5DBA-8E48-48DF-9163-83F186AFC561}.Release|Mixed Platforms.ActiveCfg = Release|x86
		{AFAE5DBA-8E48-48DF-9163-83F186AFC561}.Release|Mixed Platforms.Build.0 = Release|x86
		{AFAE5DBA-8E48-48DF-9163-83F186AFC561}.Release|x86.ActiveCfg = Release|x86
		{AFAE5DBA-8E48-48DF-9163-83F186AFC561}.Release|x86.Build.0 = Release|x86
		{AFAE5DBA-8E48-48DF-9163-83F186AFC561}.SingleImage|Any CPU.ActiveCfg = Release|x86
		{AFAE5DBA-8E48-48DF-9163-83F186AFC561}.SingleImage|Mixed Platforms.ActiveCfg = Release|x86
		{AFAE5DBA-8E48-48DF-9163-83F186AFC561}.SingleImage|Mixed Platforms.Build.0 = Release|x86
		{AFAE5DBA-8E48-48DF-9163-83F186AFC561}.SingleImage|x86.ActiveCfg = Release|x86
		{AFAE5DBA-8E48-48DF-9163-83F186AFC561}.SingleImage|x86.Build.0 = Release|x86
		{BF232578-65BB-4EAA-ADCF-CB72D0B3EBDC}.CD_ROM|Any CPU.ActiveCfg = Release|x86
		{BF232578-65BB-4EAA-ADCF-CB72D0B3EBDC}.CD_ROM|Mixed Platforms.ActiveCfg = Release|x86
		{BF232578-65BB-4EAA-ADCF-CB72D0B3EBDC}.CD_ROM|Mixed Platforms.Build.0 = Release|x86
		{BF232578-65BB-4EAA-ADCF-CB72D0B3EBDC}.CD_ROM|x86.ActiveCfg = Release|x86
		{BF232578-65BB-4EAA-ADCF-CB72D0B3EBDC}.CD_ROM|x86.Build.0 = Release|x86
		{BF232578-65BB-4EAA-ADCF-CB72D0B3EBDC}.Debug|Any CPU.ActiveCfg = Debug|x86
		{BF232578-65BB-4EAA-ADCF-CB72D0B3EBDC}.Debug|Mixed Platforms.ActiveCfg = Debug|x86
		{BF232578-65BB-4EAA-ADCF-CB72D0B3EBDC}.Debug|Mixed Platforms.Build.0 = Debug|x86
		{BF232578-65BB-4EAA-ADCF-CB72D0B3EBDC}.Debug|x86.ActiveCfg = Debug|x86
		{BF232578-65BB-4EAA-ADCF-CB72D0B3EBDC}.Debug|x86.Build.0 = Debug|x86
		{BF232578-65BB-4EAA-ADCF-CB72D0B3EBDC}.DVD-5|Any CPU.ActiveCfg = Debug|x86
		{BF232578-65BB-4EAA-ADCF-CB72D0B3EBDC}.DVD-5|Mixed Platforms.ActiveCfg = Debug|x86
		{BF232578-65BB-4EAA-ADCF-CB72D0B3EBDC}.DVD-5|Mixed Platforms.Build.0 = Debug|x86
		{BF232578-65BB-4EAA-ADCF-CB72D0B3EBDC}.DVD-5|x86.ActiveCfg = Debug|x86
		{BF232578-65BB-4EAA-ADCF-CB72D0B3EBDC}.DVD-5|x86.Build.0 = Debug|x86
		{BF232578-65BB-4EAA-ADCF-CB72D0B3EBDC}.Release|Any CPU.ActiveCfg = Release|x86
		{BF232578-65BB-4EAA-ADCF-CB72D0B3EBDC}.Release|Mixed Platforms.ActiveCfg = Release|x86
		{BF232578-65BB-4EAA-ADCF-CB72D0B3EBDC}.Release|Mixed Platforms.Build.0 = Release|x86
		{BF232578-65BB-4EAA-ADCF-CB72D0B3EBDC}.Release|x86.ActiveCfg = Release|x86
		{BF232578-65BB-4EAA-ADCF-CB72D0B3EBDC}.Release|x86.Build.0 = Release|x86
		{BF232578-65BB-4EAA-ADCF-CB72D0B3EBDC}.SingleImage|Any CPU.ActiveCfg = Release|x86
		{BF232578-65BB-4EAA-ADCF-CB72D0B3EBDC}.SingleImage|Mixed Platforms.ActiveCfg = Release|x86
		{BF232578-65BB-4EAA-ADCF-CB72D0B3EBDC}.SingleImage|Mixed Platforms.Build.0 = Release|x86
		{BF232578-65BB-4EAA-ADCF-CB72D0B3EBDC}.SingleImage|x86.ActiveCfg = Release|x86
		{BF232578-65BB-4EAA-ADCF-CB72D0B3EBDC}.SingleImage|x86.Build.0 = Release|x86
	EndGlobalSection
	GlobalSection(SolutionProperties) = preSolution
		HideSolutionNode = FALSE
	EndGlobalSection
EndGlobal
